
Microsoft Visual Studio Solution File, Format Version 12.00
# Visual Studio Version 16
VisualStudioVersion = 16.0.31729.503
MinimumVisualStudioVersion = 10.0.40219.1
Project("{FAE04EC0-301F-11D3-BF4B-00C04F79EFBC}") = "RevitFileUpgrade2021", "RevitFileUpgrade\RevitFileUpgrade2021.csproj", "{AAA918AA-8346-494F-BC12-1596D89F56E5}"
EndProject
Project("{FAE04EC0-301F-11D3-BF4B-00C04F79EFBC}") = "RevitFileUpgrade2020", "RevitFileUpgrade2020\RevitFileUpgrade2020.csproj", "{57E6F3B3-E090-4654-B349-5FA3AEA6265D}"
EndProject
Project("{FAE04EC0-301F-11D3-BF4B-00C04F79EFBC}") = "RevitFileUpgrade2019", "RevitFileUpgrade2019\RevitFileUpgrade2019.csproj", "{C673D598-5E9A-4960-A636-9299112BE959}"
EndProject
Project("{FAE04EC0-301F-11D3-BF4B-00C04F79EFBC}") = "RevitFileUpgrade2018", "RevitFileUpgrade2018\RevitFileUpgrade2018.csproj", "{A523ACE3-7F65-40EE-B025-9F0DB57CCF1C}"
EndProject
Global
	GlobalSection(SolutionConfigurationPlatforms) = preSolution
		Debug|Any CPU = Debug|Any CPU
		Release|Any CPU = Release|Any CPU
	EndGlobalSection
	GlobalSection(ProjectConfigurationPlatforms) = postSolution
		{AAA918AA-8346-494F-BC12-1596D89F56E5}.Debug|Any CPU.ActiveCfg = Debug|Any CPU
		{AAA918AA-8346-494F-BC12-1596D89F56E5}.Debug|Any CPU.Build.0 = Debug|Any CPU
		{AAA918AA-8346-494F-BC12-1596D89F56E5}.Release|Any CPU.ActiveCfg = Release|Any CPU
		{AAA918AA-8346-494F-BC12-1596D89F56E5}.Release|Any CPU.Build.0 = Release|Any CPU
		{57E6F3B3-E090-4654-B349-5FA3AEA6265D}.Debug|Any CPU.ActiveCfg = Debug|Any CPU
		{57E6F3B3-E090-4654-B349-5FA3AEA6265D}.Debug|Any CPU.Build.0 = Debug|Any CPU
		{57E6F3B3-E090-4654-B349-5FA3AEA6265D}.Release|Any CPU.ActiveCfg = Release|Any CPU
		{57E6F3B3-E090-4654-B349-5FA3AEA6265D}.Release|Any CPU.Build.0 = Release|Any CPU
		{C673D598-5E9A-4960-A636-9299112BE959}.Debug|Any CPU.ActiveCfg = Debug|Any CPU
		{C673D598-5E9A-4960-A636-9299112BE959}.Debug|Any CPU.Build.0 = Debug|Any CPU
		{C673D598-5E9A-4960-A636-9299112BE959}.Release|Any CPU.ActiveCfg = Release|Any CPU
		{C673D598-5E9A-4960-A636-9299112BE959}.Release|Any CPU.Build.0 = Release|Any CPU
		{A523ACE3-7F65-40EE-B025-9F0DB57CCF1C}.Debug|Any CPU.ActiveCfg = Debug|Any CPU
		{A523ACE3-7F65-40EE-B025-9F0DB57CCF1C}.Debug|Any CPU.Build.0 = Debug|Any CPU
		{A523ACE3-7F65-40EE-B025-9F0DB57CCF1C}.Release|Any CPU.ActiveCfg = Release|Any CPU
		{A523ACE3-7F65-40EE-B025-9F0DB57CCF1C}.Release|Any CPU.Build.0 = Release|Any CPU
	EndGlobalSection
	GlobalSection(SolutionProperties) = preSolution
		HideSolutionNode = FALSE
	EndGlobalSection
	GlobalSection(ExtensibilityGlobals) = postSolution
		SolutionGuid = {767A9D26-8EFC-4183-AF68-87A1582166F7}
	EndGlobalSection
EndGlobal
