
Microsoft Visual Studio Solution File, Format Version 12.00
# Visual Studio Version 16
VisualStudioVersion = 16.0.31729.503
MinimumVisualStudioVersion = 10.0.40219.1
Project("{FAE04EC0-301F-11D3-BF4B-00C04F79EFBC}") = "RevitFileUpgrade", "RevitFileUpgrade\RevitFileUpgrade.csproj", "{AAA918AA-8346-494F-BC12-1596D89F56E5}"
EndProject
Global
	GlobalSection(SolutionConfigurationPlatforms) = preSolution
		Debug|Any CPU = Debug|Any CPU
		Release|Any CPU = Release|Any CPU
	EndGlobalSection
	GlobalSection(ProjectConfigurationPlatforms) = postSolution
		{AAA918AA-8346-494F-BC12-1596D89F56E5}.Debug|Any CPU.ActiveCfg = Debug|Any CPU
		{AAA918AA-8346-494F-BC12-1596D89F56E5}.Debug|Any CPU.Build.0 = Debug|Any CPU
		{AAA918AA-8346-494F-BC12-1596D89F56E5}.Release|Any CPU.ActiveCfg = Release|Any CPU
		{AAA918AA-8346-494F-BC12-1596D89F56E5}.Release|Any CPU.Build.0 = Release|Any CPU
	EndGlobalSection
	GlobalSection(SolutionProperties) = preSolution
		HideSolutionNode = FALSE
	EndGlobalSection
	GlobalSection(ExtensibilityGlobals) = postSolution
		SolutionGuid = {767A9D26-8EFC-4183-AF68-87A1582166F7}
	EndGlobalSection
EndGlobal
